# This file is automatically @generated by Cargo.
# It is not intended for manual editing.
version = 3

[[package]]
name = "keinontolibrary-cli"
version = "0.1.0"

[[package]]
name = "keinontolibrary-core"
version = "0.1.0"

[[package]]
name = "keinontolibrary-data"
version = "0.1.0"

[[package]]
name = "keinontolibrary-ffi"
version = "0.1.0"

[[package]]
name = "keinontolibrary-ingest"
version = "0.1.0"

[[package]]
name = "keinontolibrary-rules"
version = "0.1.0"

[[package]]
name = "keinontolibrary-server"
version = "0.1.0"
